<?xml version="1.0" encoding="utf-8"?>
<Project ToolsVersion="4.0" xmlns="http://schemas.microsoft.com/developer/msbuild/2003">
  <ItemGroup>
    <Filter Include="ソース ファイル">
      <UniqueIdentifier>{4FC737F1-C7A5-4376-A066-2A32D752A2FF}</UniqueIdentifier>
      <Extensions>cpp;c;cc;cxx;c++;cppm;ixx;def;odl;idl;hpj;bat;asm;asmx</Extensions>
    </Filter>
    <Filter Include="ヘッダー ファイル">
      <UniqueIdentifier>{93995380-89BD-4b04-88EB-625FBE52EBFB}</UniqueIdentifier>
      <Extensions>h;hh;hpp;hxx;h++;hm;inl;inc;ipp;xsd</Extensions>
    </Filter>
    <Filter Include="リソース ファイル">
      <UniqueIdentifier>{67DA6AB6-F800-4c08-8B7A-83BB121AAD01}</UniqueIdentifier>
      <Extensions>rc;ico;cur;bmp;dlg;rc2;rct;bin;rgs;gif;jpg;jpeg;jpe;resx;tiff;tif;png;wav;mfcribbon-ms</Extensions>
    </Filter>
    <Filter Include="Source">
      <UniqueIdentifier>{3760ca9b-e30b-4d6f-b39b-12148cf9fd40}</UniqueIdentifier>
    </Filter>
    <Filter Include="Source\DirectX">
      <UniqueIdentifier>{bf9bd7d5-2e68-4587-aa98-28bbf6012a37}</UniqueIdentifier>
    </Filter>
    <Filter Include="Source\Game">
      <UniqueIdentifier>{b6636f31-6314-493e-a415-4337fbdbe6f0}</UniqueIdentifier>
    </Filter>
    <Filter Include="Shader">
      <UniqueIdentifier>{59315b53-0fa3-482e-8cad-9c335bfbc85c}</UniqueIdentifier>
    </Filter>
  </ItemGroup>
  <ItemGroup>
    <ClInclude Include="framework.h">
      <Filter>ヘッダー ファイル</Filter>
    </ClInclude>
    <ClInclude Include="targetver.h">
      <Filter>ヘッダー ファイル</Filter>
    </ClInclude>
    <ClInclude Include="Resource.h">
      <Filter>ヘッダー ファイル</Filter>
    </ClInclude>
    <ClInclude Include="WindowsProjectDirectX11_2.h">
      <Filter>ヘッダー ファイル</Filter>
    </ClInclude>
    <ClInclude Include="GameSystem.h">
      <Filter>Source\Game</Filter>
    </ClInclude>
    <ClInclude Include="Direct3D.h">
      <Filter>Source\DirectX</Filter>
    </ClInclude>
    <ClInclude Include="DirectX.h">
      <Filter>Source\DirectX</Filter>
    </ClInclude>
    <ClInclude Include="Texture.h">
      <Filter>Source\DirectX</Filter>
    </ClInclude>
    <ClInclude Include="GameObject.h">
      <Filter>Source\Game</Filter>
    </ClInclude>
    <ClInclude Include="Square.h">
      <Filter>Source\Game</Filter>
    </ClInclude>
    <ClInclude Include="TextLabel.h">
      <Filter>Source\DirectX</Filter>
    </ClInclude>
    <ClInclude Include="Component.h">
      <Filter>Source\Game</Filter>
    </ClInclude>
    <ClInclude Include="SpriteRenderer.h">
      <Filter>Source\Game</Filter>
    </ClInclude>
    <ClInclude Include="Transform.h">
      <Filter>Source\Game</Filter>
    </ClInclude>
    <ClInclude Include="Vector3.h">
      <Filter>Source\Game</Filter>
    </ClInclude>
    <ClInclude Include="Quaternion.h">
      <Filter>Source\Game</Filter>
    </ClInclude>
    <ClInclude Include="Debug.h">
      <Filter>Source\Game</Filter>
    </ClInclude>
    <ClInclude Include="Input.h">
      <Filter>Source\Game</Filter>
    </ClInclude>
    <ClInclude Include="GameEngine.h">
      <Filter>Source\Game</Filter>
    </ClInclude>
    <ClInclude Include="Animator.h">
      <Filter>Source\Game</Filter>
    </ClInclude>
    <ClInclude Include="Animation.h">
      <Filter>Source\Game</Filter>
    </ClInclude>
    <ClInclude Include="Time.h">
      <Filter>Source\Game</Filter>
    </ClInclude>
    <ClInclude Include="Event.h">
      <Filter>Source\Game</Filter>
    </ClInclude>
    <ClInclude Include="std_extension.h">
      <Filter>Source\Game</Filter>
    </ClInclude>
    <ClInclude Include="BoxCollider2D.h">
      <Filter>Source\Game</Filter>
    </ClInclude>
    <ClInclude Include="Vector2.h">
      <Filter>Source\Game</Filter>
    </ClInclude>
    <ClInclude Include="Collider.h">
      <Filter>Source\Game</Filter>
    </ClInclude>
    <ClInclude Include="Rigidbody2D.h">
      <Filter>Source\Game</Filter>
    </ClInclude>
    <ClInclude Include="WindowDrawer.h">
      <Filter>Source\DirectX</Filter>
    </ClInclude>
  </ItemGroup>
  <ItemGroup>
    <ClCompile Include="WindowsProjectDirectX11_2.cpp">
      <Filter>ソース ファイル</Filter>
    </ClCompile>
    <ClCompile Include="GameSystem.cpp">
      <Filter>Source\Game</Filter>
    </ClCompile>
    <ClCompile Include="Direct3D.cpp">
      <Filter>Source\DirectX</Filter>
    </ClCompile>
    <ClCompile Include="Texture.cpp">
      <Filter>Source\DirectX</Filter>
    </ClCompile>
    <ClCompile Include="GameObject.cpp">
      <Filter>Source\Game</Filter>
    </ClCompile>
    <ClCompile Include="Square.cpp">
      <Filter>Source\Game</Filter>
    </ClCompile>
    <ClCompile Include="TextLabel.cpp">
      <Filter>Source\DirectX</Filter>
    </ClCompile>
    <ClCompile Include="Component.cpp">
      <Filter>Source\Game</Filter>
    </ClCompile>
    <ClCompile Include="SpriteRenderer.cpp">
      <Filter>Source\Game</Filter>
    </ClCompile>
    <ClCompile Include="Transform.cpp">
      <Filter>Source\Game</Filter>
    </ClCompile>
    <ClCompile Include="Vector3.cpp">
      <Filter>Source\Game</Filter>
    </ClCompile>
    <ClCompile Include="Quaternion.cpp">
      <Filter>Source\Game</Filter>
    </ClCompile>
    <ClCompile Include="Debug.cpp">
      <Filter>Source\Game</Filter>
    </ClCompile>
    <ClCompile Include="Input.cpp">
      <Filter>Source\Game</Filter>
    </ClCompile>
    <ClCompile Include="Animator.cpp">
      <Filter>Source\Game</Filter>
    </ClCompile>
    <ClCompile Include="Animation.cpp">
      <Filter>Source\Game</Filter>
    </ClCompile>
    <ClCompile Include="Event.cpp">
      <Filter>Source\Game</Filter>
    </ClCompile>
    <ClCompile Include="Time.cpp">
      <Filter>Source\Game</Filter>
    </ClCompile>
    <ClCompile Include="std_extension.cpp">
      <Filter>Source\Game</Filter>
    </ClCompile>
    <ClCompile Include="BoxCollider2D.cpp">
      <Filter>Source\Game</Filter>
    </ClCompile>
    <ClCompile Include="Vector2.cpp">
      <Filter>Source\Game</Filter>
    </ClCompile>
    <ClCompile Include="Rigidbody2D.cpp">
      <Filter>Source\Game</Filter>
    </ClCompile>
    <ClCompile Include="WindowDrawer.cpp">
      <Filter>Source\DirectX</Filter>
    </ClCompile>
  </ItemGroup>
  <ItemGroup>
    <ResourceCompile Include="WindowsProjectDirectX11_2.rc">
      <Filter>リソース ファイル</Filter>
    </ResourceCompile>
  </ItemGroup>
  <ItemGroup>
    <Image Include="small.ico">
      <Filter>リソース ファイル</Filter>
    </Image>
    <Image Include="WindowsProjectDirectX11_2.ico">
      <Filter>リソース ファイル</Filter>
    </Image>
  </ItemGroup>
</Project>