<?xml version="1.0" encoding="utf-8"?>
<Project ToolsVersion="4.0" xmlns="http://schemas.microsoft.com/developer/msbuild/2003">
  <ItemGroup>
    <Filter Include="ソース ファイル">
      <UniqueIdentifier>{4FC737F1-C7A5-4376-A066-2A32D752A2FF}</UniqueIdentifier>
      <Extensions>cpp;c;cc;cxx;c++;cppm;ixx;def;odl;idl;hpj;bat;asm;asmx</Extensions>
    </Filter>
    <Filter Include="ヘッダー ファイル">
      <UniqueIdentifier>{93995380-89BD-4b04-88EB-625FBE52EBFB}</UniqueIdentifier>
      <Extensions>h;hh;hpp;hxx;h++;hm;inl;inc;ipp;xsd</Extensions>
    </Filter>
    <Filter Include="リソース ファイル">
      <UniqueIdentifier>{67DA6AB6-F800-4c08-8B7A-83BB121AAD01}</UniqueIdentifier>
      <Extensions>rc;ico;cur;bmp;dlg;rc2;rct;bin;rgs;gif;jpg;jpeg;jpe;resx;tiff;tif;png;wav;mfcribbon-ms</Extensions>
    </Filter>
    <Filter Include="Shader">
      <UniqueIdentifier>{d01abb69-25a2-44c0-a2fd-2c1424f8e168}</UniqueIdentifier>
    </Filter>
    <Filter Include="Source">
      <UniqueIdentifier>{2bdc75fc-263d-46ed-b450-80167a1ef096}</UniqueIdentifier>
    </Filter>
    <Filter Include="Source\DirectX">
      <UniqueIdentifier>{768977e6-e0d1-4cdf-aeb3-c0bb50d61e82}</UniqueIdentifier>
    </Filter>
    <Filter Include="Source\Premitive">
      <UniqueIdentifier>{67043bbe-aad9-4d10-bd47-92616e5da425}</UniqueIdentifier>
    </Filter>
    <Filter Include="Source\Math">
      <UniqueIdentifier>{6e0843e5-f8c5-4eb5-afbe-25bbe9a53702}</UniqueIdentifier>
    </Filter>
    <Filter Include="Source\DebugAssets">
      <UniqueIdentifier>{eccb688c-79fd-4ac2-a04b-2dcb8d5e086b}</UniqueIdentifier>
    </Filter>
    <Filter Include="Source\Utility">
      <UniqueIdentifier>{02393bb8-06b6-4e6a-b582-98b75151c63d}</UniqueIdentifier>
    </Filter>
    <Filter Include="Source\GameEngine">
      <UniqueIdentifier>{cfb4c06f-c693-4713-b631-bd94fa429222}</UniqueIdentifier>
    </Filter>
  </ItemGroup>
  <ItemGroup>
    <ClCompile Include="AudioClip.cpp">
      <Filter>Source\DirectX</Filter>
    </ClCompile>
    <ClCompile Include="Direct3D.cpp">
      <Filter>Source\DirectX</Filter>
    </ClCompile>
    <ClCompile Include="DirectSound.cpp">
      <Filter>Source\DirectX</Filter>
    </ClCompile>
    <ClCompile Include="Shader.cpp">
      <Filter>Source\DirectX</Filter>
    </ClCompile>
    <ClCompile Include="TextLabel.cpp">
      <Filter>Source\DirectX</Filter>
    </ClCompile>
    <ClCompile Include="Texture.cpp">
      <Filter>Source\DirectX</Filter>
    </ClCompile>
    <ClCompile Include="WindowDrawer.cpp">
      <Filter>Source\DirectX</Filter>
    </ClCompile>
    <ClCompile Include="Animation.cpp">
      <Filter>Source\GameEngine</Filter>
    </ClCompile>
    <ClCompile Include="Animator.cpp">
      <Filter>Source\GameEngine</Filter>
    </ClCompile>
    <ClCompile Include="AudioSource.cpp">
      <Filter>Source\GameEngine</Filter>
    </ClCompile>
    <ClCompile Include="BoxCollider2D.cpp">
      <Filter>Source\GameEngine</Filter>
    </ClCompile>
    <ClCompile Include="Camera.cpp">
      <Filter>Source\GameEngine</Filter>
    </ClCompile>
    <ClCompile Include="Collider2D.cpp">
      <Filter>Source\GameEngine</Filter>
    </ClCompile>
    <ClCompile Include="Collision2D.cpp">
      <Filter>Source\GameEngine</Filter>
    </ClCompile>
    <ClCompile Include="Component.cpp">
      <Filter>Source\GameEngine</Filter>
    </ClCompile>
    <ClCompile Include="Debug.cpp">
      <Filter>Source\GameEngine</Filter>
    </ClCompile>
    <ClCompile Include="Event.cpp">
      <Filter>Source\GameEngine</Filter>
    </ClCompile>
    <ClCompile Include="GameObject.cpp">
      <Filter>Source\GameEngine</Filter>
    </ClCompile>
    <ClCompile Include="Input.cpp">
      <Filter>Source\GameEngine</Filter>
    </ClCompile>
    <ClCompile Include="Physics2D.cpp">
      <Filter>Source\GameEngine</Filter>
    </ClCompile>
    <ClCompile Include="Quaternion.cpp">
      <Filter>Source\GameEngine</Filter>
    </ClCompile>
    <ClCompile Include="Rigidbody2D.cpp">
      <Filter>Source\GameEngine</Filter>
    </ClCompile>
    <ClCompile Include="Scene.cpp">
      <Filter>Source\GameEngine</Filter>
    </ClCompile>
    <ClCompile Include="SceneManager.cpp">
      <Filter>Source\GameEngine</Filter>
    </ClCompile>
    <ClCompile Include="SpriteRenderer.cpp">
      <Filter>Source\GameEngine</Filter>
    </ClCompile>
    <ClCompile Include="Time.cpp">
      <Filter>Source\GameEngine</Filter>
    </ClCompile>
    <ClCompile Include="Transform.cpp">
      <Filter>Source\GameEngine</Filter>
    </ClCompile>
    <ClCompile Include="Vector2.cpp">
      <Filter>Source\GameEngine</Filter>
    </ClCompile>
    <ClCompile Include="Vector3.cpp">
      <Filter>Source\GameEngine</Filter>
    </ClCompile>
    <ClCompile Include="GameSystem.cpp">
      <Filter>Source\GameEngine</Filter>
    </ClCompile>
    <ClCompile Include="Matrix.cpp">
      <Filter>Source\Math</Filter>
    </ClCompile>
    <ClCompile Include="SampleSceneAssets.cpp">
      <Filter>Source\DebugAssets</Filter>
    </ClCompile>
    <ClCompile Include="SampleMonoBehaviour.cpp">
      <Filter>Source\DebugAssets</Filter>
    </ClCompile>
    <ClCompile Include="std_extension.cpp">
      <Filter>Source\Utility</Filter>
    </ClCompile>
  </ItemGroup>
  <ItemGroup>
    <Image Include="small.ico">
      <Filter>リソース ファイル</Filter>
    </Image>
    <Image Include="WindowsProjectDirectX11_2.ico">
      <Filter>リソース ファイル</Filter>
    </Image>
  </ItemGroup>
  <ItemGroup>
    <ClInclude Include="include\Animator.h">
      <Filter>Source\GameEngine</Filter>
    </ClInclude>
    <ClInclude Include="include\Animation.h">
      <Filter>Source\GameEngine</Filter>
    </ClInclude>
    <ClInclude Include="include\AudioClip.h">
      <Filter>Source\DirectX</Filter>
    </ClInclude>
    <ClInclude Include="include\Debug.h">
      <Filter>Source\GameEngine</Filter>
    </ClInclude>
    <ClInclude Include="include\AudioSource.h">
      <Filter>Source\GameEngine</Filter>
    </ClInclude>
    <ClInclude Include="include\BoxCollider2D.h">
      <Filter>Source\GameEngine</Filter>
    </ClInclude>
    <ClInclude Include="include\Camera.h">
      <Filter>Source\GameEngine</Filter>
    </ClInclude>
    <ClInclude Include="include\Collider2D.h">
      <Filter>Source\GameEngine</Filter>
    </ClInclude>
    <ClInclude Include="include\Collision2D.h">
      <Filter>Source\GameEngine</Filter>
    </ClInclude>
    <ClInclude Include="include\Component.h">
      <Filter>Source\GameEngine</Filter>
    </ClInclude>
    <ClInclude Include="include\DirectX.h">
      <Filter>Source\DirectX</Filter>
    </ClInclude>
    <ClInclude Include="include\Direct3D.h">
      <Filter>Source\DirectX</Filter>
    </ClInclude>
    <ClInclude Include="include\DirectSound.h">
      <Filter>Source\DirectX</Filter>
    </ClInclude>
    <ClInclude Include="include\Event.h">
      <Filter>Source\GameEngine</Filter>
    </ClInclude>
    <ClInclude Include="include\framework.h">
      <Filter>ヘッダー ファイル</Filter>
    </ClInclude>
    <ClInclude Include="include\Input.h">
      <Filter>Source\GameEngine</Filter>
    </ClInclude>
    <ClInclude Include="include\GameEngine.h">
      <Filter>Source\GameEngine</Filter>
    </ClInclude>
    <ClInclude Include="include\GameObject.h">
      <Filter>Source\GameEngine</Filter>
    </ClInclude>
    <ClInclude Include="include\GameSystem.h">
      <Filter>Source\GameEngine</Filter>
    </ClInclude>
    <ClInclude Include="include\Matrix.h">
      <Filter>Source\Math</Filter>
    </ClInclude>
    <ClInclude Include="include\Quaternion.h">
      <Filter>Source\GameEngine</Filter>
    </ClInclude>
    <ClInclude Include="include\MonoBehaviour.h">
      <Filter>Source\GameEngine</Filter>
    </ClInclude>
    <ClInclude Include="include\Physics2D.h">
      <Filter>Source\GameEngine</Filter>
    </ClInclude>
    <ClInclude Include="include\Rigidbody2D.h">
      <Filter>Source\GameEngine</Filter>
    </ClInclude>
    <ClInclude Include="include\SampleMonoBehaviour.h">
      <Filter>Source\DebugAssets</Filter>
    </ClInclude>
    <ClInclude Include="include\SampleSceneAssests.h">
      <Filter>Source\DebugAssets</Filter>
    </ClInclude>
    <ClInclude Include="include\SceneManager.h">
      <Filter>Source\GameEngine</Filter>
    </ClInclude>
    <ClInclude Include="include\Scene.h">
      <Filter>Source\GameEngine</Filter>
    </ClInclude>
    <ClInclude Include="include\Shader.h">
      <Filter>Source\DirectX</Filter>
    </ClInclude>
    <ClInclude Include="include\SpriteRenderer.h">
      <Filter>Source\GameEngine</Filter>
    </ClInclude>
    <ClInclude Include="include\std_extension.h">
      <Filter>Source\Utility</Filter>
    </ClInclude>
    <ClInclude Include="include\StringConverter.h">
      <Filter>Source\Utility</Filter>
    </ClInclude>
    <ClInclude Include="include\targetver.h">
      <Filter>ヘッダー ファイル</Filter>
    </ClInclude>
    <ClInclude Include="include\TextLabel.h">
      <Filter>Source\DirectX</Filter>
    </ClInclude>
    <ClInclude Include="include\Texture.h">
      <Filter>Source\DirectX</Filter>
    </ClInclude>
    <ClInclude Include="include\Vector3.h">
      <Filter>Source\GameEngine</Filter>
    </ClInclude>
    <ClInclude Include="include\Time.h">
      <Filter>Source\GameEngine</Filter>
    </ClInclude>
    <ClInclude Include="include\Transform.h">
      <Filter>Source\GameEngine</Filter>
    </ClInclude>
    <ClInclude Include="include\Vector2.h">
      <Filter>Source\GameEngine</Filter>
    </ClInclude>
    <ClInclude Include="include\WindowDrawer.h">
      <Filter>Source\DirectX</Filter>
    </ClInclude>
    <ClInclude Include="include\DebugPrefab.h">
      <Filter>Source\DebugAssets</Filter>
    </ClInclude>
  </ItemGroup>
</Project>